
Microsoft Visual Studio Solution File, Format Version 12.00
# Visual Studio Version 16
VisualStudioVersion = 16.0.32228.343
MinimumVisualStudioVersion = 10.0.40219.1
Project("{FAE04EC0-301F-11D3-BF4B-00C04F79EFBC}") = "Tracking Information System", "Tracking Information System\Tracking Information System.csproj", "{A772893E-D956-46B8-A1FA-0A00D2DB2294}"
EndProject
Global
	GlobalSection(SolutionConfigurationPlatforms) = preSolution
		Debug|Any CPU = Debug|Any CPU
		Release|Any CPU = Release|Any CPU
	EndGlobalSection
	GlobalSection(ProjectConfigurationPlatforms) = postSolution
		{A772893E-D956-46B8-A1FA-0A00D2DB2294}.Debug|Any CPU.ActiveCfg = Debug|Any CPU
		{A772893E-D956-46B8-A1FA-0A00D2DB2294}.Debug|Any CPU.Build.0 = Debug|Any CPU
		{A772893E-D956-46B8-A1FA-0A00D2DB2294}.Release|Any CPU.ActiveCfg = Release|Any CPU
		{A772893E-D956-46B8-A1FA-0A00D2DB2294}.Release|Any CPU.Build.0 = Release|Any CPU
	EndGlobalSection
	GlobalSection(SolutionProperties) = preSolution
		HideSolutionNode = FALSE
	EndGlobalSection
	GlobalSection(ExtensibilityGlobals) = postSolution
		SolutionGuid = {7D2A0463-77C3-4EE3-AB58-A3579B2BBD30}
	EndGlobalSection
EndGlobal
